
Microsoft Visual Studio Solution File, Format Version 12.00
# Visual Studio 15
Project("{FAE04EC0-301F-11D3-BF4B-00C04F79EFBC}") = "ocelot-api-gateway", "ocelot-api-gateway\ocelot-api-gateway.csproj", "{B3C63CE0-2E23-4D7E-96B6-8446364159A4}"
EndProject
Project("{FAE04EC0-301F-11D3-BF4B-00C04F79EFBC}") = "smiteapi-microservice", "smiteapi-microservice\smiteapi-microservice.csproj", "{A0963638-4782-46D8-B784-47D319706D5E}"
EndProject
Project("{FAE04EC0-301F-11D3-BF4B-00C04F79EFBC}") = "division-microservice", "division-microservice\division-microservice.csproj", "{A4466488-F321-40F0-918E-C9B0AEFCD606}"
EndProject
Project("{E53339B2-1760-4266-BCC7-CA923CBCF16C}") = "docker-compose", "docker-compose.dcproj", "{4D888BD1-FA88-485E-AE5D-48ED13599735}"
EndProject
Project("{FAE04EC0-301F-11D3-BF4B-00C04F79EFBC}") = "service-tests", "Service-tests\Service-tests.csproj", "{9032EB4A-B689-441B-AD45-BE8DE0B230C7}"
EndProject
Global
	GlobalSection(SolutionConfigurationPlatforms) = preSolution
		Debug|Any CPU = Debug|Any CPU
		Release|Any CPU = Release|Any CPU
	EndGlobalSection
	GlobalSection(ProjectConfigurationPlatforms) = postSolution
		{B3C63CE0-2E23-4D7E-96B6-8446364159A4}.Debug|Any CPU.ActiveCfg = Debug|Any CPU
		{B3C63CE0-2E23-4D7E-96B6-8446364159A4}.Debug|Any CPU.Build.0 = Debug|Any CPU
		{B3C63CE0-2E23-4D7E-96B6-8446364159A4}.Release|Any CPU.ActiveCfg = Release|Any CPU
		{B3C63CE0-2E23-4D7E-96B6-8446364159A4}.Release|Any CPU.Build.0 = Release|Any CPU
		{A0963638-4782-46D8-B784-47D319706D5E}.Debug|Any CPU.ActiveCfg = Debug|Any CPU
		{A0963638-4782-46D8-B784-47D319706D5E}.Debug|Any CPU.Build.0 = Debug|Any CPU
		{A0963638-4782-46D8-B784-47D319706D5E}.Release|Any CPU.ActiveCfg = Release|Any CPU
		{A0963638-4782-46D8-B784-47D319706D5E}.Release|Any CPU.Build.0 = Release|Any CPU
		{A4466488-F321-40F0-918E-C9B0AEFCD606}.Debug|Any CPU.ActiveCfg = Debug|Any CPU
		{A4466488-F321-40F0-918E-C9B0AEFCD606}.Debug|Any CPU.Build.0 = Debug|Any CPU
		{A4466488-F321-40F0-918E-C9B0AEFCD606}.Release|Any CPU.ActiveCfg = Release|Any CPU
		{A4466488-F321-40F0-918E-C9B0AEFCD606}.Release|Any CPU.Build.0 = Release|Any CPU
		{4D888BD1-FA88-485E-AE5D-48ED13599735}.Debug|Any CPU.ActiveCfg = Debug|Any CPU
		{4D888BD1-FA88-485E-AE5D-48ED13599735}.Debug|Any CPU.Build.0 = Debug|Any CPU
		{4D888BD1-FA88-485E-AE5D-48ED13599735}.Release|Any CPU.ActiveCfg = Release|Any CPU
		{4D888BD1-FA88-485E-AE5D-48ED13599735}.Release|Any CPU.Build.0 = Release|Any CPU
		{9032EB4A-B689-441B-AD45-BE8DE0B230C7}.Debug|Any CPU.ActiveCfg = Debug|Any CPU
		{9032EB4A-B689-441B-AD45-BE8DE0B230C7}.Debug|Any CPU.Build.0 = Debug|Any CPU
		{9032EB4A-B689-441B-AD45-BE8DE0B230C7}.Release|Any CPU.ActiveCfg = Release|Any CPU
		{9032EB4A-B689-441B-AD45-BE8DE0B230C7}.Release|Any CPU.Build.0 = Release|Any CPU
	EndGlobalSection
EndGlobal
