
Microsoft Visual Studio Solution File, Format Version 12.00
# Visual Studio 15
Project("{FAE04EC0-301F-11D3-BF4B-00C04F79EFBC}") = "ocelot-api-gateway", "ocelot-api-gateway\ocelot-api-gateway.csproj", "{886E4ED0-1CC7-4441-AB7D-6924D63B3792}"
EndProject
Project("{FAE04EC0-301F-11D3-BF4B-00C04F79EFBC}") = "smiteapi-microservice", "smiteapi-microservice\smiteapi-microservice.csproj", "{AF747025-8C25-4FA1-9409-0490627F95B9}"
EndProject
Project("{FAE04EC0-301F-11D3-BF4B-00C04F79EFBC}") = "division-microservice", "division-microservice\division-microservice.csproj", "{720A74A0-FE95-44AA-AAF9-F06F572EF8E0}"
EndProject
Project("{E53339B2-1760-4266-BCC7-CA923CBCF16C}") = "docker-compose", "docker-compose.dcproj", "{4D888BD1-FA88-485E-AE5D-48ED13599735}"
EndProject
Project("{FAE04EC0-301F-11D3-BF4B-00C04F79EFBC}") = "service-tests", "tests\service-tests.csproj", "{08B03152-77CF-4B6C-878A-49EE11B7BEDA}"
EndProject
Project("{FAE04EC0-301F-11D3-BF4B-00C04F79EFBC}") = "team-microservice", "team-microservice\team-microservice.csproj", "{088D67EC-2F49-48EE-B6CD-83C7956A3531}"
EndProject
Project("{FAE04EC0-301F-11D3-BF4B-00C04F79EFBC}") = "stat-microservice", "stat-microservice\stat-microservice.csproj", "{C1EB047E-80E4-4882-AA00-02A3F782EDA8}"
EndProject
Global
	GlobalSection(SolutionConfigurationPlatforms) = preSolution
		Debug|Any CPU = Debug|Any CPU
		Release|Any CPU = Release|Any CPU
	EndGlobalSection
	GlobalSection(ProjectConfigurationPlatforms) = postSolution
		{886E4ED0-1CC7-4441-AB7D-6924D63B3792}.Debug|Any CPU.ActiveCfg = Debug|Any CPU
		{886E4ED0-1CC7-4441-AB7D-6924D63B3792}.Debug|Any CPU.Build.0 = Debug|Any CPU
		{886E4ED0-1CC7-4441-AB7D-6924D63B3792}.Release|Any CPU.ActiveCfg = Release|Any CPU
		{886E4ED0-1CC7-4441-AB7D-6924D63B3792}.Release|Any CPU.Build.0 = Release|Any CPU
		{AF747025-8C25-4FA1-9409-0490627F95B9}.Debug|Any CPU.ActiveCfg = Debug|Any CPU
		{AF747025-8C25-4FA1-9409-0490627F95B9}.Debug|Any CPU.Build.0 = Debug|Any CPU
		{AF747025-8C25-4FA1-9409-0490627F95B9}.Release|Any CPU.ActiveCfg = Release|Any CPU
		{AF747025-8C25-4FA1-9409-0490627F95B9}.Release|Any CPU.Build.0 = Release|Any CPU
		{720A74A0-FE95-44AA-AAF9-F06F572EF8E0}.Debug|Any CPU.ActiveCfg = Debug|Any CPU
		{720A74A0-FE95-44AA-AAF9-F06F572EF8E0}.Debug|Any CPU.Build.0 = Debug|Any CPU
		{720A74A0-FE95-44AA-AAF9-F06F572EF8E0}.Release|Any CPU.ActiveCfg = Release|Any CPU
		{720A74A0-FE95-44AA-AAF9-F06F572EF8E0}.Release|Any CPU.Build.0 = Release|Any CPU
		{4D888BD1-FA88-485E-AE5D-48ED13599735}.Debug|Any CPU.ActiveCfg = Debug|Any CPU
		{4D888BD1-FA88-485E-AE5D-48ED13599735}.Debug|Any CPU.Build.0 = Debug|Any CPU
		{4D888BD1-FA88-485E-AE5D-48ED13599735}.Release|Any CPU.ActiveCfg = Release|Any CPU
		{4D888BD1-FA88-485E-AE5D-48ED13599735}.Release|Any CPU.Build.0 = Release|Any CPU
		{08B03152-77CF-4B6C-878A-49EE11B7BEDA}.Debug|Any CPU.ActiveCfg = Debug|Any CPU
		{08B03152-77CF-4B6C-878A-49EE11B7BEDA}.Debug|Any CPU.Build.0 = Debug|Any CPU
		{08B03152-77CF-4B6C-878A-49EE11B7BEDA}.Release|Any CPU.ActiveCfg = Release|Any CPU
		{08B03152-77CF-4B6C-878A-49EE11B7BEDA}.Release|Any CPU.Build.0 = Release|Any CPU
		{088D67EC-2F49-48EE-B6CD-83C7956A3531}.Debug|Any CPU.ActiveCfg = Debug|Any CPU
		{088D67EC-2F49-48EE-B6CD-83C7956A3531}.Debug|Any CPU.Build.0 = Debug|Any CPU
		{088D67EC-2F49-48EE-B6CD-83C7956A3531}.Release|Any CPU.ActiveCfg = Release|Any CPU
		{088D67EC-2F49-48EE-B6CD-83C7956A3531}.Release|Any CPU.Build.0 = Release|Any CPU
		{C1EB047E-80E4-4882-AA00-02A3F782EDA8}.Debug|Any CPU.ActiveCfg = Debug|Any CPU
		{C1EB047E-80E4-4882-AA00-02A3F782EDA8}.Debug|Any CPU.Build.0 = Debug|Any CPU
		{C1EB047E-80E4-4882-AA00-02A3F782EDA8}.Release|Any CPU.ActiveCfg = Release|Any CPU
		{C1EB047E-80E4-4882-AA00-02A3F782EDA8}.Release|Any CPU.Build.0 = Release|Any CPU
	EndGlobalSection
EndGlobal
